
Microsoft Visual Studio Solution File, Format Version 12.00
# Visual Studio Version 16
VisualStudioVersion = 16.0.31702.278
MinimumVisualStudioVersion = 10.0.40219.1
Project("{FAE04EC0-301F-11D3-BF4B-00C04F79EFBC}") = "Laba5_3", "Laba5_3\Laba5_3.csproj", "{6BDCFA56-78A6-4F8F-9AC7-5EF4D762C1D5}"
EndProject
Global
	GlobalSection(SolutionConfigurationPlatforms) = preSolution
		Debug|Any CPU = Debug|Any CPU
		Release|Any CPU = Release|Any CPU
	EndGlobalSection
	GlobalSection(ProjectConfigurationPlatforms) = postSolution
		{6BDCFA56-78A6-4F8F-9AC7-5EF4D762C1D5}.Debug|Any CPU.ActiveCfg = Debug|Any CPU
		{6BDCFA56-78A6-4F8F-9AC7-5EF4D762C1D5}.Debug|Any CPU.Build.0 = Debug|Any CPU
		{6BDCFA56-78A6-4F8F-9AC7-5EF4D762C1D5}.Release|Any CPU.ActiveCfg = Release|Any CPU
		{6BDCFA56-78A6-4F8F-9AC7-5EF4D762C1D5}.Release|Any CPU.Build.0 = Release|Any CPU
	EndGlobalSection
	GlobalSection(SolutionProperties) = preSolution
		HideSolutionNode = FALSE
	EndGlobalSection
	GlobalSection(ExtensibilityGlobals) = postSolution
		SolutionGuid = {8E1859DD-01D0-4524-9A8E-F36ECD9D71D6}
	EndGlobalSection
EndGlobal
